
Microsoft Visual Studio Solution File, Format Version 12.00
# Visual Studio Version 16
VisualStudioVersion = 16.0.31410.357
MinimumVisualStudioVersion = 10.0.40219.1
Project("{8BC9CEB8-8B4A-11D0-8D11-00A0C91BC942}") = "Damier", "Damier\Damier.vcxproj", "{E42294FF-D86C-4B5E-BA47-4F2EFAB7295B}"
EndProject
Project("{8BC9CEB8-8B4A-11D0-8D11-00A0C91BC942}") = "SalonPourAnimaux", "SalonPourAnimaux\SalonPourAnimaux.vcxproj", "{6D3A9A49-CB9A-4582-993F-3F497F189C98}"
EndProject
Project("{8BC9CEB8-8B4A-11D0-8D11-00A0C91BC942}") = "TableauDeBord", "TableauDeBord\TableauDeBord.vcxproj", "{EB4D1F08-A9F8-4A1A-AB8A-D800EB444C7D}"
EndProject
Project("{8BC9CEB8-8B4A-11D0-8D11-00A0C91BC942}") = "PointEn3D", "PointEn3D\PointEn3D.vcxproj", "{DD41C5A3-4247-4AEC-B035-8D1B67A9C12A}"
EndProject
Project("{8BC9CEB8-8B4A-11D0-8D11-00A0C91BC942}") = "Commande", "Commande\Commande.vcxproj", "{D956271D-737D-4E76-A94F-1B858100B810}"
EndProject
Project("{8BC9CEB8-8B4A-11D0-8D11-00A0C91BC942}") = "listAndVector", "listAndVector\listAndVector.vcxproj", "{EB976179-FA81-4FFB-A540-0C46522C4EEC}"
EndProject
Project("{8BC9CEB8-8B4A-11D0-8D11-00A0C91BC942}") = "ConsoleApplication1", "ConsoleApplication1\ConsoleApplication1.vcxproj", "{CBA18DA6-11C2-4371-841E-CA924291D9B3}"
EndProject
Project("{8BC9CEB8-8B4A-11D0-8D11-00A0C91BC942}") = "pointeur", "pointeur\pointeur.vcxproj", "{37877DA8-8094-45CB-BF13-54A59C7A08B8}"
EndProject
Project("{8BC9CEB8-8B4A-11D0-8D11-00A0C91BC942}") = "DP", "DP\DP.vcxproj", "{B07A125A-6925-4F4E-A62C-35C62D709944}"
EndProject
Global
	GlobalSection(SolutionConfigurationPlatforms) = preSolution
		Debug|x64 = Debug|x64
		Debug|x86 = Debug|x86
		Release|x64 = Release|x64
		Release|x86 = Release|x86
	EndGlobalSection
	GlobalSection(ProjectConfigurationPlatforms) = postSolution
		{E42294FF-D86C-4B5E-BA47-4F2EFAB7295B}.Debug|x64.ActiveCfg = Debug|x64
		{E42294FF-D86C-4B5E-BA47-4F2EFAB7295B}.Debug|x64.Build.0 = Debug|x64
		{E42294FF-D86C-4B5E-BA47-4F2EFAB7295B}.Debug|x86.ActiveCfg = Debug|Win32
		{E42294FF-D86C-4B5E-BA47-4F2EFAB7295B}.Debug|x86.Build.0 = Debug|Win32
		{E42294FF-D86C-4B5E-BA47-4F2EFAB7295B}.Release|x64.ActiveCfg = Release|x64
		{E42294FF-D86C-4B5E-BA47-4F2EFAB7295B}.Release|x64.Build.0 = Release|x64
		{E42294FF-D86C-4B5E-BA47-4F2EFAB7295B}.Release|x86.ActiveCfg = Release|Win32
		{E42294FF-D86C-4B5E-BA47-4F2EFAB7295B}.Release|x86.Build.0 = Release|Win32
		{6D3A9A49-CB9A-4582-993F-3F497F189C98}.Debug|x64.ActiveCfg = Debug|x64
		{6D3A9A49-CB9A-4582-993F-3F497F189C98}.Debug|x64.Build.0 = Debug|x64
		{6D3A9A49-CB9A-4582-993F-3F497F189C98}.Debug|x86.ActiveCfg = Debug|Win32
		{6D3A9A49-CB9A-4582-993F-3F497F189C98}.Debug|x86.Build.0 = Debug|Win32
		{6D3A9A49-CB9A-4582-993F-3F497F189C98}.Release|x64.ActiveCfg = Release|x64
		{6D3A9A49-CB9A-4582-993F-3F497F189C98}.Release|x64.Build.0 = Release|x64
		{6D3A9A49-CB9A-4582-993F-3F497F189C98}.Release|x86.ActiveCfg = Release|Win32
		{6D3A9A49-CB9A-4582-993F-3F497F189C98}.Release|x86.Build.0 = Release|Win32
		{EB4D1F08-A9F8-4A1A-AB8A-D800EB444C7D}.Debug|x64.ActiveCfg = Debug|x64
		{EB4D1F08-A9F8-4A1A-AB8A-D800EB444C7D}.Debug|x64.Build.0 = Debug|x64
		{EB4D1F08-A9F8-4A1A-AB8A-D800EB444C7D}.Debug|x86.ActiveCfg = Debug|Win32
		{EB4D1F08-A9F8-4A1A-AB8A-D800EB444C7D}.Debug|x86.Build.0 = Debug|Win32
		{EB4D1F08-A9F8-4A1A-AB8A-D800EB444C7D}.Release|x64.ActiveCfg = Release|x64
		{EB4D1F08-A9F8-4A1A-AB8A-D800EB444C7D}.Release|x64.Build.0 = Release|x64
		{EB4D1F08-A9F8-4A1A-AB8A-D800EB444C7D}.Release|x86.ActiveCfg = Release|Win32
		{EB4D1F08-A9F8-4A1A-AB8A-D800EB444C7D}.Release|x86.Build.0 = Release|Win32
		{DD41C5A3-4247-4AEC-B035-8D1B67A9C12A}.Debug|x64.ActiveCfg = Debug|x64
		{DD41C5A3-4247-4AEC-B035-8D1B67A9C12A}.Debug|x64.Build.0 = Debug|x64
		{DD41C5A3-4247-4AEC-B035-8D1B67A9C12A}.Debug|x86.ActiveCfg = Debug|Win32
		{DD41C5A3-4247-4AEC-B035-8D1B67A9C12A}.Debug|x86.Build.0 = Debug|Win32
		{DD41C5A3-4247-4AEC-B035-8D1B67A9C12A}.Release|x64.ActiveCfg = Release|x64
		{DD41C5A3-4247-4AEC-B035-8D1B67A9C12A}.Release|x64.Build.0 = Release|x64
		{DD41C5A3-4247-4AEC-B035-8D1B67A9C12A}.Release|x86.ActiveCfg = Release|Win32
		{DD41C5A3-4247-4AEC-B035-8D1B67A9C12A}.Release|x86.Build.0 = Release|Win32
		{D956271D-737D-4E76-A94F-1B858100B810}.Debug|x64.ActiveCfg = Debug|x64
		{D956271D-737D-4E76-A94F-1B858100B810}.Debug|x64.Build.0 = Debug|x64
		{D956271D-737D-4E76-A94F-1B858100B810}.Debug|x86.ActiveCfg = Debug|Win32
		{D956271D-737D-4E76-A94F-1B858100B810}.Debug|x86.Build.0 = Debug|Win32
		{D956271D-737D-4E76-A94F-1B858100B810}.Release|x64.ActiveCfg = Release|x64
		{D956271D-737D-4E76-A94F-1B858100B810}.Release|x64.Build.0 = Release|x64
		{D956271D-737D-4E76-A94F-1B858100B810}.Release|x86.ActiveCfg = Release|Win32
		{D956271D-737D-4E76-A94F-1B858100B810}.Release|x86.Build.0 = Release|Win32
		{EB976179-FA81-4FFB-A540-0C46522C4EEC}.Debug|x64.ActiveCfg = Debug|x64
		{EB976179-FA81-4FFB-A540-0C46522C4EEC}.Debug|x64.Build.0 = Debug|x64
		{EB976179-FA81-4FFB-A540-0C46522C4EEC}.Debug|x86.ActiveCfg = Debug|Win32
		{EB976179-FA81-4FFB-A540-0C46522C4EEC}.Debug|x86.Build.0 = Debug|Win32
		{EB976179-FA81-4FFB-A540-0C46522C4EEC}.Release|x64.ActiveCfg = Release|x64
		{EB976179-FA81-4FFB-A540-0C46522C4EEC}.Release|x64.Build.0 = Release|x64
		{EB976179-FA81-4FFB-A540-0C46522C4EEC}.Release|x86.ActiveCfg = Release|Win32
		{EB976179-FA81-4FFB-A540-0C46522C4EEC}.Release|x86.Build.0 = Release|Win32
		{CBA18DA6-11C2-4371-841E-CA924291D9B3}.Debug|x64.ActiveCfg = Debug|x64
		{CBA18DA6-11C2-4371-841E-CA924291D9B3}.Debug|x64.Build.0 = Debug|x64
		{CBA18DA6-11C2-4371-841E-CA924291D9B3}.Debug|x86.ActiveCfg = Debug|Win32
		{CBA18DA6-11C2-4371-841E-CA924291D9B3}.Debug|x86.Build.0 = Debug|Win32
		{CBA18DA6-11C2-4371-841E-CA924291D9B3}.Release|x64.ActiveCfg = Release|x64
		{CBA18DA6-11C2-4371-841E-CA924291D9B3}.Release|x64.Build.0 = Release|x64
		{CBA18DA6-11C2-4371-841E-CA924291D9B3}.Release|x86.ActiveCfg = Release|Win32
		{CBA18DA6-11C2-4371-841E-CA924291D9B3}.Release|x86.Build.0 = Release|Win32
		{37877DA8-8094-45CB-BF13-54A59C7A08B8}.Debug|x64.ActiveCfg = Debug|x64
		{37877DA8-8094-45CB-BF13-54A59C7A08B8}.Debug|x64.Build.0 = Debug|x64
		{37877DA8-8094-45CB-BF13-54A59C7A08B8}.Debug|x86.ActiveCfg = Debug|Win32
		{37877DA8-8094-45CB-BF13-54A59C7A08B8}.Debug|x86.Build.0 = Debug|Win32
		{37877DA8-8094-45CB-BF13-54A59C7A08B8}.Release|x64.ActiveCfg = Release|x64
		{37877DA8-8094-45CB-BF13-54A59C7A08B8}.Release|x64.Build.0 = Release|x64
		{37877DA8-8094-45CB-BF13-54A59C7A08B8}.Release|x86.ActiveCfg = Release|Win32
		{37877DA8-8094-45CB-BF13-54A59C7A08B8}.Release|x86.Build.0 = Release|Win32
		{B07A125A-6925-4F4E-A62C-35C62D709944}.Debug|x64.ActiveCfg = Debug|x64
		{B07A125A-6925-4F4E-A62C-35C62D709944}.Debug|x64.Build.0 = Debug|x64
		{B07A125A-6925-4F4E-A62C-35C62D709944}.Debug|x86.ActiveCfg = Debug|Win32
		{B07A125A-6925-4F4E-A62C-35C62D709944}.Debug|x86.Build.0 = Debug|Win32
		{B07A125A-6925-4F4E-A62C-35C62D709944}.Release|x64.ActiveCfg = Release|x64
		{B07A125A-6925-4F4E-A62C-35C62D709944}.Release|x64.Build.0 = Release|x64
		{B07A125A-6925-4F4E-A62C-35C62D709944}.Release|x86.ActiveCfg = Release|Win32
		{B07A125A-6925-4F4E-A62C-35C62D709944}.Release|x86.Build.0 = Release|Win32
	EndGlobalSection
	GlobalSection(SolutionProperties) = preSolution
		HideSolutionNode = FALSE
	EndGlobalSection
	GlobalSection(ExtensibilityGlobals) = postSolution
		SolutionGuid = {4BE1E23F-BB8F-46D8-8F5E-09F3A8589E8A}
	EndGlobalSection
EndGlobal
