
Microsoft Visual Studio Solution File, Format Version 12.00
# Visual Studio Version 16
VisualStudioVersion = 16.0.31410.357
MinimumVisualStudioVersion = 10.0.40219.1
Project("{8BC9CEB8-8B4A-11D0-8D11-00A0C91BC942}") = "Damier", "Damier\Damier.vcxproj", "{E42294FF-D86C-4B5E-BA47-4F2EFAB7295B}"
EndProject
Project("{8BC9CEB8-8B4A-11D0-8D11-00A0C91BC942}") = "SalonPourAnimaux", "SalonPourAnimaux\SalonPourAnimaux.vcxproj", "{6D3A9A49-CB9A-4582-993F-3F497F189C98}"
EndProject
Global
	GlobalSection(SolutionConfigurationPlatforms) = preSolution
		Debug|x64 = Debug|x64
		Debug|x86 = Debug|x86
		Release|x64 = Release|x64
		Release|x86 = Release|x86
	EndGlobalSection
	GlobalSection(ProjectConfigurationPlatforms) = postSolution
		{E42294FF-D86C-4B5E-BA47-4F2EFAB7295B}.Debug|x64.ActiveCfg = Debug|x64
		{E42294FF-D86C-4B5E-BA47-4F2EFAB7295B}.Debug|x64.Build.0 = Debug|x64
		{E42294FF-D86C-4B5E-BA47-4F2EFAB7295B}.Debug|x86.ActiveCfg = Debug|Win32
		{E42294FF-D86C-4B5E-BA47-4F2EFAB7295B}.Debug|x86.Build.0 = Debug|Win32
		{E42294FF-D86C-4B5E-BA47-4F2EFAB7295B}.Release|x64.ActiveCfg = Release|x64
		{E42294FF-D86C-4B5E-BA47-4F2EFAB7295B}.Release|x64.Build.0 = Release|x64
		{E42294FF-D86C-4B5E-BA47-4F2EFAB7295B}.Release|x86.ActiveCfg = Release|Win32
		{E42294FF-D86C-4B5E-BA47-4F2EFAB7295B}.Release|x86.Build.0 = Release|Win32
		{6D3A9A49-CB9A-4582-993F-3F497F189C98}.Debug|x64.ActiveCfg = Debug|x64
		{6D3A9A49-CB9A-4582-993F-3F497F189C98}.Debug|x64.Build.0 = Debug|x64
		{6D3A9A49-CB9A-4582-993F-3F497F189C98}.Debug|x86.ActiveCfg = Debug|Win32
		{6D3A9A49-CB9A-4582-993F-3F497F189C98}.Debug|x86.Build.0 = Debug|Win32
		{6D3A9A49-CB9A-4582-993F-3F497F189C98}.Release|x64.ActiveCfg = Release|x64
		{6D3A9A49-CB9A-4582-993F-3F497F189C98}.Release|x64.Build.0 = Release|x64
		{6D3A9A49-CB9A-4582-993F-3F497F189C98}.Release|x86.ActiveCfg = Release|Win32
		{6D3A9A49-CB9A-4582-993F-3F497F189C98}.Release|x86.Build.0 = Release|Win32
	EndGlobalSection
	GlobalSection(SolutionProperties) = preSolution
		HideSolutionNode = FALSE
	EndGlobalSection
	GlobalSection(ExtensibilityGlobals) = postSolution
		SolutionGuid = {4BE1E23F-BB8F-46D8-8F5E-09F3A8589E8A}
	EndGlobalSection
EndGlobal
