<?xml version="1.0" encoding="utf-8"?>
<Project ToolsVersion="4.0" xmlns="http://schemas.microsoft.com/developer/msbuild/2003">
  <ItemGroup>
    <Filter Include="Source Files">
      <UniqueIdentifier>{4FC737F1-C7A5-4376-A066-2A32D752A2FF}</UniqueIdentifier>
      <Extensions>cpp;c;cc;cxx;c++;cppm;ixx;def;odl;idl;hpj;bat;asm;asmx</Extensions>
    </Filter>
    <Filter Include="Header Files">
      <UniqueIdentifier>{93995380-89BD-4b04-88EB-625FBE52EBFB}</UniqueIdentifier>
      <Extensions>h;hh;hpp;hxx;h++;hm;inl;inc;ipp;xsd</Extensions>
    </Filter>
    <Filter Include="Resource Files">
      <UniqueIdentifier>{67DA6AB6-F800-4c08-8B7A-83BB121AAD01}</UniqueIdentifier>
      <Extensions>rc;ico;cur;bmp;dlg;rc2;rct;bin;rgs;gif;jpg;jpeg;jpe;resx;tiff;tif;png;wav;mfcribbon-ms</Extensions>
    </Filter>
  </ItemGroup>
  <ItemGroup>
    <ClCompile Include="SalonPourAnimaux.cpp">
      <Filter>Source Files</Filter>
    </ClCompile>
    <ClCompile Include="Salon.cpp">
      <Filter>Source Files</Filter>
    </ClCompile>
    <ClCompile Include="Animal.cpp">
      <Filter>Source Files</Filter>
    </ClCompile>
    <ClCompile Include="Chien.cpp">
      <Filter>Source Files</Filter>
    </ClCompile>
    <ClCompile Include="Chat.cpp">
      <Filter>Source Files</Filter>
    </ClCompile>
    <ClCompile Include="Labrador.cpp">
      <Filter>Source Files</Filter>
    </ClCompile>
    <ClCompile Include="CanicheNain.cpp">
      <Filter>Source Files</Filter>
    </ClCompile>
    <ClCompile Include="Persan.cpp">
      <Filter>Source Files</Filter>
    </ClCompile>
    <ClCompile Include="ChatDeGouttiere.cpp">
      <Filter>Source Files</Filter>
    </ClCompile>
    <ClCompile Include="CanicheNainMuet.cpp">
      <Filter>Source Files</Filter>
    </ClCompile>
    <ClCompile Include="CanradEnPlastique.cpp">
      <Filter>Source Files</Filter>
    </ClCompile>
    <ClCompile Include="Adolescent.cpp">
      <Filter>Source Files</Filter>
    </ClCompile>
  </ItemGroup>
  <ItemGroup>
    <ClInclude Include="Salon.h">
      <Filter>Header Files</Filter>
    </ClInclude>
    <ClInclude Include="Animal.h">
      <Filter>Header Files</Filter>
    </ClInclude>
    <ClInclude Include="Chien.h">
      <Filter>Header Files</Filter>
    </ClInclude>
    <ClInclude Include="Chat.h">
      <Filter>Header Files</Filter>
    </ClInclude>
    <ClInclude Include="Labrador.h">
      <Filter>Header Files</Filter>
    </ClInclude>
    <ClInclude Include="CanicheNain.h">
      <Filter>Header Files</Filter>
    </ClInclude>
    <ClInclude Include="Persan.h">
      <Filter>Header Files</Filter>
    </ClInclude>
    <ClInclude Include="ChatDeGouttiere.h">
      <Filter>Header Files</Filter>
    </ClInclude>
    <ClInclude Include="CanicheNainMuet.h">
      <Filter>Header Files</Filter>
    </ClInclude>
    <ClInclude Include="CanradEnPlastique.h">
      <Filter>Header Files</Filter>
    </ClInclude>
    <ClInclude Include="IParler.h">
      <Filter>Header Files</Filter>
    </ClInclude>
    <ClInclude Include="Adolescent.h">
      <Filter>Header Files</Filter>
    </ClInclude>
  </ItemGroup>
  <ItemGroup>
    <None Include="ClassDiagram.cd" />
  </ItemGroup>
</Project>